// !$*UTF8*$!
{
	archiveVersion = 1;
	classes = {
	};
	objectVersion = 56;
	objects = {

/* Begin PBXBuildFile section */
		C6F53E84299F917D0002947E /* AppDelegate.swift in Sources */ = {isa = PBXBuildFile; fileRef = C6F53E83299F917D0002947E /* AppDelegate.swift */; };
		C6F53E86299F917D0002947E /* SceneDelegate.swift in Sources */ = {isa = PBXBuildFile; fileRef = C6F53E85299F917D0002947E /* SceneDelegate.swift */; };
		C6F53E88299F917D0002947E /* ViewController.swift in Sources */ = {isa = PBXBuildFile; fileRef = C6F53E87299F917D0002947E /* ViewController.swift */; };
		C6F53E8B299F917D0002947E /* Main.storyboard in Resources */ = {isa = PBXBuildFile; fileRef = C6F53E89299F917D0002947E /* Main.storyboard */; };
		C6F53E8D299F917E0002947E /* Assets.xcassets in Resources */ = {isa = PBXBuildFile; fileRef = C6F53E8C299F917E0002947E /* Assets.xcassets */; };
		C6F53E90299F917E0002947E /* LaunchScreen.storyboard in Resources */ = {isa = PBXBuildFile; fileRef = C6F53E8E299F917E0002947E /* LaunchScreen.storyboard */; };
		C6F53E98299F94AA0002947E /* CollectionViewCell.swift in Sources */ = {isa = PBXBuildFile; fileRef = C6F53E97299F94AA0002947E /* CollectionViewCell.swift */; };
		C6F53E9A29A20AE90002947E /* Simpsons.swift in Sources */ = {isa = PBXBuildFile; fileRef = C6F53E9929A20AE90002947E /* Simpsons.swift */; };
		C6F53E9C29A21BDC0002947E /* DetailsViewController.swift in Sources */ = {isa = PBXBuildFile; fileRef = C6F53E9B29A21BDC0002947E /* DetailsViewController.swift */; };
/* End PBXBuildFile section */

/* Begin PBXFileReference section */
		C6F53E80299F917D0002947E /* TheSimpsonsBookWithCollectionView.app */ = {isa = PBXFileReference; explicitFileType = wrapper.application; includeInIndex = 0; path = TheSimpsonsBookWithCollectionView.app; sourceTree = BUILT_PRODUCTS_DIR; };
		C6F53E83299F917D0002947E /* AppDelegate.swift */ = {isa = PBXFileReference; lastKnownFileType = sourcecode.swift; path = AppDelegate.swift; sourceTree = "<group>"; };
		C6F53E85299F917D0002947E /* SceneDelegate.swift */ = {isa = PBXFileReference; lastKnownFileType = sourcecode.swift; path = SceneDelegate.swift; sourceTree = "<group>"; };
		C6F53E87299F917D0002947E /* ViewController.swift */ = {isa = PBXFileReference; lastKnownFileType = sourcecode.swift; path = ViewController.swift; sourceTree = "<group>"; };
		C6F53E8A299F917D0002947E /* Base */ = {isa = PBXFileReference; lastKnownFileType = file.storyboard; name = Base; path = Base.lproj/Main.storyboard; sourceTree = "<group>"; };
		C6F53E8C299F917E0002947E /* Assets.xcassets */ = {isa = PBXFileReference; lastKnownFileType = folder.assetcatalog; path = Assets.xcassets; sourceTree = "<group>"; };
		C6F53E8F299F917E0002947E /* Base */ = {isa = PBXFileReference; lastKnownFileType = file.storyboard; name = Base; path = Base.lproj/LaunchScreen.storyboard; sourceTree = "<group>"; };
		C6F53E91299F917E0002947E /* Info.plist */ = {isa = PBXFileReference; lastKnownFileType = text.plist.xml; path = Info.plist; sourceTree = "<group>"; };
		C6F53E97299F94AA0002947E /* CollectionViewCell.swift */ = {isa = PBXFileReference; lastKnownFileType = sourcecode.swift; path = CollectionViewCell.swift; sourceTree = "<group>"; };
		C6F53E9929A20AE90002947E /* Simpsons.swift */ = {isa = PBXFileReference; lastKnownFileType = sourcecode.swift; path = Simpsons.swift; sourceTree = "<group>"; };
		C6F53E9B29A21BDC0002947E /* DetailsViewController.swift */ = {isa = PBXFileReference; lastKnownFileType = sourcecode.swift; path = DetailsViewController.swift; sourceTree = "<group>"; };
/* End PBXFileReference section */

/* Begin PBXFrameworksBuildPhase section */
		C6F53E7D299F917D0002947E /* Frameworks */ = {
			isa = PBXFrameworksBuildPhase;
			buildActionMask = 2147483647;
			files = (
			);
			runOnlyForDeploymentPostprocessing = 0;
		};
/* End PBXFrameworksBuildPhase section */

/* Begin PBXGroup section */
		C6F53E77299F917D0002947E = {
			isa = PBXGroup;
			children = (
				C6F53E82299F917D0002947E /* TheSimpsonsBookWithCollectionView */,
				C6F53E81299F917D0002947E /* Products */,
			);
			sourceTree = "<group>";
		};
		C6F53E81299F917D0002947E /* Products */ = {
			isa = PBXGroup;
			children = (
				C6F53E80299F917D0002947E /* TheSimpsonsBookWithCollectionView.app */,
			);
			name = Products;
			sourceTree = "<group>";
		};
		C6F53E82299F917D0002947E /* TheSimpsonsBookWithCollectionView */ = {
			isa = PBXGroup;
			children = (
				C6F53E83299F917D0002947E /* AppDelegate.swift */,
				C6F53E85299F917D0002947E /* SceneDelegate.swift */,
				C6F53E87299F917D0002947E /* ViewController.swift */,
				C6F53E9B29A21BDC0002947E /* DetailsViewController.swift */,
				C6F53E9929A20AE90002947E /* Simpsons.swift */,
				C6F53E89299F917D0002947E /* Main.storyboard */,
				C6F53E97299F94AA0002947E /* CollectionViewCell.swift */,
				C6F53E8C299F917E0002947E /* Assets.xcassets */,
				C6F53E8E299F917E0002947E /* LaunchScreen.storyboard */,
				C6F53E91299F917E0002947E /* Info.plist */,
			);
			path = TheSimpsonsBookWithCollectionView;
			sourceTree = "<group>";
		};
/* End PBXGroup section */

/* Begin PBXNativeTarget section */
		C6F53E7F299F917D0002947E /* TheSimpsonsBookWithCollectionView */ = {
			isa = PBXNativeTarget;
			buildConfigurationList = C6F53E94299F917E0002947E /* Build configuration list for PBXNativeTarget "TheSimpsonsBookWithCollectionView" */;
			buildPhases = (
				C6F53E7C299F917D0002947E /* Sources */,
				C6F53E7D299F917D0002947E /* Frameworks */,
				C6F53E7E299F917D0002947E /* Resources */,
			);
			buildRules = (
			);
			dependencies = (
			);
			name = TheSimpsonsBookWithCollectionView;
			productName = TheSimpsonsBookWithCollectionView;
			productReference = C6F53E80299F917D0002947E /* TheSimpsonsBookWithCollectionView.app */;
			productType = "com.apple.product-type.application";
		};
/* End PBXNativeTarget section */

/* Begin PBXProject section */
		C6F53E78299F917D0002947E /* Project object */ = {
			isa = PBXProject;
			attributes = {
				BuildIndependentTargetsInParallel = 1;
				LastSwiftUpdateCheck = 1420;
				LastUpgradeCheck = 1420;
				TargetAttributes = {
					C6F53E7F299F917D0002947E = {
						CreatedOnToolsVersion = 14.2;
					};
				};
			};
			buildConfigurationList = C6F53E7B299F917D0002947E /* Build configuration list for PBXProject "TheSimpsonsBookWithCollectionView" */;
			compatibilityVersion = "Xcode 14.0";
			developmentRegion = en;
			hasScannedForEncodings = 0;
			knownRegions = (
				en,
				Base,
			);
			mainGroup = C6F53E77299F917D0002947E;
			productRefGroup = C6F53E81299F917D0002947E /* Products */;
			projectDirPath = "";
			projectRoot = "";
			targets = (
				C6F53E7F299F917D0002947E /* TheSimpsonsBookWithCollectionView */,
			);
		};
/* End PBXProject section */

/* Begin PBXResourcesBuildPhase section */
		C6F53E7E299F917D0002947E /* Resources */ = {
			isa = PBXResourcesBuildPhase;
			buildActionMask = 2147483647;
			files = (
				C6F53E90299F917E0002947E /* LaunchScreen.storyboard in Resources */,
				C6F53E8D299F917E0002947E /* Assets.xcassets in Resources */,
				C6F53E8B299F917D0002947E /* Main.storyboard in Resources */,
			);
			runOnlyForDeploymentPostprocessing = 0;
		};
/* End PBXResourcesBuildPhase section */

/* Begin PBXSourcesBuildPhase section */
		C6F53E7C299F917D0002947E /* Sources */ = {
			isa = PBXSourcesBuildPhase;
			buildActionMask = 2147483647;
			files = (
				C6F53E88299F917D0002947E /* ViewController.swift in Sources */,
				C6F53E84299F917D0002947E /* AppDelegate.swift in Sources */,
				C6F53E98299F94AA0002947E /* CollectionViewCell.swift in Sources */,
				C6F53E86299F917D0002947E /* SceneDelegate.swift in Sources */,
				C6F53E9A29A20AE90002947E /* Simpsons.swift in Sources */,
				C6F53E9C29A21BDC0002947E /* DetailsViewController.swift in Sources */,
			);
			runOnlyForDeploymentPostprocessing = 0;
		};
/* End PBXSourcesBuildPhase section */

/* Begin PBXVariantGroup section */
		C6F53E89299F917D0002947E /* Main.storyboard */ = {
			isa = PBXVariantGroup;
			children = (
				C6F53E8A299F917D0002947E /* Base */,
			);
			name = Main.storyboard;
			sourceTree = "<group>";
		};
		C6F53E8E299F917E0002947E /* LaunchScreen.storyboard */ = {
			isa = PBXVariantGroup;
			children = (
				C6F53E8F299F917E0002947E /* Base */,
			);
			name = LaunchScreen.storyboard;
			sourceTree = "<group>";
		};
/* End PBXVariantGroup section */

/* Begin XCBuildConfiguration section */
		C6F53E92299F917E0002947E /* Debug */ = {
			isa = XCBuildConfiguration;
			buildSettings = {
				ALWAYS_SEARCH_USER_PATHS = NO;
				CLANG_ANALYZER_NONNULL = YES;
				CLANG_ANALYZER_NUMBER_OBJECT_CONVERSION = YES_AGGRESSIVE;
				CLANG_CXX_LANGUAGE_STANDARD = "gnu++20";
				CLANG_ENABLE_MODULES = YES;
				CLANG_ENABLE_OBJC_ARC = YES;
				CLANG_ENABLE_OBJC_WEAK = YES;
				CLANG_WARN_BLOCK_CAPTURE_AUTORELEASING = YES;
				CLANG_WARN_BOOL_CONVERSION = YES;
				CLANG_WARN_COMMA = YES;
				CLANG_WARN_CONSTANT_CONVERSION = YES;
				CLANG_WARN_DEPRECATED_OBJC_IMPLEMENTATIONS = YES;
				CLANG_WARN_DIRECT_OBJC_ISA_USAGE = YES_ERROR;
				CLANG_WARN_DOCUMENTATION_COMMENTS = YES;
				CLANG_WARN_EMPTY_BODY = YES;
				CLANG_WARN_ENUM_CONVERSION = YES;
				CLANG_WARN_INFINITE_RECURSION = YES;
				CLANG_WARN_INT_CONVERSION = YES;
				CLANG_WARN_NON_LITERAL_NULL_CONVERSION = YES;
				CLANG_WARN_OBJC_IMPLICIT_RETAIN_SELF = YES;
				CLANG_WARN_OBJC_LITERAL_CONVERSION = YES;
				CLANG_WARN_OBJC_ROOT_CLASS = YES_ERROR;
				CLANG_WARN_QUOTED_INCLUDE_IN_FRAMEWORK_HEADER = YES;
				CLANG_WARN_RANGE_LOOP_ANALYSIS = YES;
				CLANG_WARN_STRICT_PROTOTYPES = YES;
				CLANG_WARN_SUSPICIOUS_MOVE = YES;
				CLANG_WARN_UNGUARDED_AVAILABILITY = YES_AGGRESSIVE;
				CLANG_WARN_UNREACHABLE_CODE = YES;
				CLANG_WARN__DUPLICATE_METHOD_MATCH = YES;
				COPY_PHASE_STRIP = NO;
				DEBUG_INFORMATION_FORMAT = dwarf;
				ENABLE_STRICT_OBJC_MSGSEND = YES;
				ENABLE_TESTABILITY = YES;
				GCC_C_LANGUAGE_STANDARD = gnu11;
				GCC_DYNAMIC_NO_PIC = NO;
				GCC_NO_COMMON_BLOCKS = YES;
				GCC_OPTIMIZATION_LEVEL = 0;
				GCC_PREPROCESSOR_DEFINITIONS = (
					"DEBUG=1",
					"$(inherited)",
				);
				GCC_WARN_64_TO_32_BIT_CONVERSION = YES;
				GCC_WARN_ABOUT_RETURN_TYPE = YES_ERROR;
				GCC_WARN_UNDECLARED_SELECTOR = YES;
				GCC_WARN_UNINITIALIZED_AUTOS = YES_AGGRESSIVE;
				GCC_WARN_UNUSED_FUNCTION = YES;
				GCC_WARN_UNUSED_VARIABLE = YES;
				IPHONEOS_DEPLOYMENT_TARGET = 16.2;
				MTL_ENABLE_DEBUG_INFO = INCLUDE_SOURCE;
				MTL_FAST_MATH = YES;
				ONLY_ACTIVE_ARCH = YES;
				SDKROOT = iphoneos;
				SWIFT_ACTIVE_COMPILATION_CONDITIONS = DEBUG;
				SWIFT_OPTIMIZATION_LEVEL = "-Onone";
			};
			name = Debug;
		};
		C6F53E93299F917E0002947E /* Release */ = {
			isa = XCBuildConfiguration;
			buildSettings = {
				ALWAYS_SEARCH_USER_PATHS = NO;
				CLANG_ANALYZER_NONNULL = YES;
				CLANG_ANALYZER_NUMBER_OBJECT_CONVERSION = YES_AGGRESSIVE;
				CLANG_CXX_LANGUAGE_STANDARD = "gnu++20";
				CLANG_ENABLE_MODULES = YES;
				CLANG_ENABLE_OBJC_ARC = YES;
				CLANG_ENABLE_OBJC_WEAK = YES;
				CLANG_WARN_BLOCK_CAPTURE_AUTORELEASING = YES;
				CLANG_WARN_BOOL_CONVERSION = YES;
				CLANG_WARN_COMMA = YES;
				CLANG_WARN_CONSTANT_CONVERSION = YES;
				CLANG_WARN_DEPRECATED_OBJC_IMPLEMENTATIONS = YES;
				CLANG_WARN_DIRECT_OBJC_ISA_USAGE = YES_ERROR;
				CLANG_WARN_DOCUMENTATION_COMMENTS = YES;
				CLANG_WARN_EMPTY_BODY = YES;
				CLANG_WARN_ENUM_CONVERSION = YES;
				CLANG_WARN_INFINITE_RECURSION = YES;
				CLANG_WARN_INT_CONVERSION = YES;
				CLANG_WARN_NON_LITERAL_NULL_CONVERSION = YES;
				CLANG_WARN_OBJC_IMPLICIT_RETAIN_SELF = YES;
				CLANG_WARN_OBJC_LITERAL_CONVERSION = YES;
				CLANG_WARN_OBJC_ROOT_CLASS = YES_ERROR;
				CLANG_WARN_QUOTED_INCLUDE_IN_FRAMEWORK_HEADER = YES;
				CLANG_WARN_RANGE_LOOP_ANALYSIS = YES;
				CLANG_WARN_STRICT_PROTOTYPES = YES;
				CLANG_WARN_SUSPICIOUS_MOVE = YES;
				CLANG_WARN_UNGUARDED_AVAILABILITY = YES_AGGRESSIVE;
				CLANG_WARN_UNREACHABLE_CODE = YES;
				CLANG_WARN__DUPLICATE_METHOD_MATCH = YES;
				COPY_PHASE_STRIP = NO;
				DEBUG_INFORMATION_FORMAT = "dwarf-with-dsym";
				ENABLE_NS_ASSERTIONS = NO;
				ENABLE_STRICT_OBJC_MSGSEND = YES;
				GCC_C_LANGUAGE_STANDARD = gnu11;
				GCC_NO_COMMON_BLOCKS = YES;
				GCC_WARN_64_TO_32_BIT_CONVERSION = YES;
				GCC_WARN_ABOUT_RETURN_TYPE = YES_ERROR;
				GCC_WARN_UNDECLARED_SELECTOR = YES;
				GCC_WARN_UNINITIALIZED_AUTOS = YES_AGGRESSIVE;
				GCC_WARN_UNUSED_FUNCTION = YES;
				GCC_WARN_UNUSED_VARIABLE = YES;
				IPHONEOS_DEPLOYMENT_TARGET = 16.2;
				MTL_ENABLE_DEBUG_INFO = NO;
				MTL_FAST_MATH = YES;
				SDKROOT = iphoneos;
				SWIFT_COMPILATION_MODE = wholemodule;
				SWIFT_OPTIMIZATION_LEVEL = "-O";
				VALIDATE_PRODUCT = YES;
			};
			name = Release;
		};
		C6F53E95299F917E0002947E /* Debug */ = {
			isa = XCBuildConfiguration;
			buildSettings = {
				ASSETCATALOG_COMPILER_APPICON_NAME = AppIcon;
				ASSETCATALOG_COMPILER_GLOBAL_ACCENT_COLOR_NAME = AccentColor;
				CODE_SIGN_STYLE = Automatic;
				CURRENT_PROJECT_VERSION = 1;
				DEVELOPMENT_TEAM = T6SRK3J2ZD;
				GENERATE_INFOPLIST_FILE = YES;
				INFOPLIST_FILE = TheSimpsonsBookWithCollectionView/Info.plist;
				INFOPLIST_KEY_UIApplicationSupportsIndirectInputEvents = YES;
				INFOPLIST_KEY_UILaunchStoryboardName = LaunchScreen;
				INFOPLIST_KEY_UIMainStoryboardFile = Main;
				INFOPLIST_KEY_UISupportedInterfaceOrientations_iPad = "UIInterfaceOrientationPortrait UIInterfaceOrientationPortraitUpsideDown UIInterfaceOrientationLandscapeLeft UIInterfaceOrientationLandscapeRight";
				INFOPLIST_KEY_UISupportedInterfaceOrientations_iPhone = "UIInterfaceOrientationPortrait UIInterfaceOrientationLandscapeLeft UIInterfaceOrientationLandscapeRight";
				LD_RUNPATH_SEARCH_PATHS = (
					"$(inherited)",
					"@executable_path/Frameworks",
				);
				MARKETING_VERSION = 1.0;
				PRODUCT_BUNDLE_IDENTIFIER = ozanpak.TheSimpsonsBookWithCollectionView;
				PRODUCT_NAME = "$(TARGET_NAME)";
				SWIFT_EMIT_LOC_STRINGS = YES;
				SWIFT_VERSION = 5.0;
				TARGETED_DEVICE_FAMILY = "1,2";
			};
			name = Debug;
		};
		C6F53E96299F917E0002947E /* Release */ = {
			isa = XCBuildConfiguration;
			buildSettings = {
				ASSETCATALOG_COMPILER_APPICON_NAME = AppIcon;
				ASSETCATALOG_COMPILER_GLOBAL_ACCENT_COLOR_NAME = AccentColor;
				CODE_SIGN_STYLE = Automatic;
				CURRENT_PROJECT_VERSION = 1;
				DEVELOPMENT_TEAM = T6SRK3J2ZD;
				GENERATE_INFOPLIST_FILE = YES;
				INFOPLIST_FILE = TheSimpsonsBookWithCollectionView/Info.plist;
				INFOPLIST_KEY_UIApplicationSupportsIndirectInputEvents = YES;
				INFOPLIST_KEY_UILaunchStoryboardName = LaunchScreen;
				INFOPLIST_KEY_UIMainStoryboardFile = Main;
				INFOPLIST_KEY_UISupportedInterfaceOrientations_iPad = "UIInterfaceOrientationPortrait UIInterfaceOrientationPortraitUpsideDown UIInterfaceOrientationLandscapeLeft UIInterfaceOrientationLandscapeRight";
				INFOPLIST_KEY_UISupportedInterfaceOrientations_iPhone = "UIInterfaceOrientationPortrait UIInterfaceOrientationLandscapeLeft UIInterfaceOrientationLandscapeRight";
				LD_RUNPATH_SEARCH_PATHS = (
					"$(inherited)",
					"@executable_path/Frameworks",
				);
				MARKETING_VERSION = 1.0;
				PRODUCT_BUNDLE_IDENTIFIER = ozanpak.TheSimpsonsBookWithCollectionView;
				PRODUCT_NAME = "$(TARGET_NAME)";
				SWIFT_EMIT_LOC_STRINGS = YES;
				SWIFT_VERSION = 5.0;
				TARGETED_DEVICE_FAMILY = "1,2";
			};
			name = Release;
		};
/* End XCBuildConfiguration section */

/* Begin XCConfigurationList section */
		C6F53E7B299F917D0002947E /* Build configuration list for PBXProject "TheSimpsonsBookWithCollectionView" */ = {
			isa = XCConfigurationList;
			buildConfigurations = (
				C6F53E92299F917E0002947E /* Debug */,
				C6F53E93299F917E0002947E /* Release */,
			);
			defaultConfigurationIsVisible = 0;
			defaultConfigurationName = Release;
		};
		C6F53E94299F917E0002947E /* Build configuration list for PBXNativeTarget "TheSimpsonsBookWithCollectionView" */ = {
			isa = XCConfigurationList;
			buildConfigurations = (
				C6F53E95299F917E0002947E /* Debug */,
				C6F53E96299F917E0002947E /* Release */,
			);
			defaultConfigurationIsVisible = 0;
			defaultConfigurationName = Release;
		};
/* End XCConfigurationList section */
	};
	rootObject = C6F53E78299F917D0002947E /* Project object */;
}
